
Microsoft Visual Studio Solution File, Format Version 12.00
# Visual Studio 15
VisualStudioVersion = 15.0.28010.2016
MinimumVisualStudioVersion = 10.0.40219.1
Project("{FAE04EC0-301F-11D3-BF4B-00C04F79EFBC}") = "LReeseEx1b1", "LReeseEx1b1\LReeseEx1b1.csproj", "{C12FA576-BCAF-4103-9883-CC62255A395F}"
EndProject
Project("{FAE04EC0-301F-11D3-BF4B-00C04F79EFBC}") = "LReeseEx1c1", "LReeseEx1c1\LReeseEx1c1.csproj", "{7D45EBA4-11AD-4AC1-9E6A-F34E5FFDA9C9}"
EndProject
Project("{FAE04EC0-301F-11D3-BF4B-00C04F79EFBC}") = "LReeseEx1d1", "LReeseEx1d1\LReeseEx1d1.csproj", "{1FD4C87B-5FBC-4CBC-BB1F-EA1D1C7CBC94}"
EndProject
Project("{FAE04EC0-301F-11D3-BF4B-00C04F79EFBC}") = "LReeseEx1e1", "LReeseEx1e1\LReeseEx1e1.csproj", "{BF15230C-0A7A-4B82-B4BF-57D33328829D}"
EndProject
Project("{FAE04EC0-301F-11D3-BF4B-00C04F79EFBC}") = "LReeseEx1f1", "LReeseEx1f1\LReeseEx1f1.csproj", "{0EE05866-D419-42FC-9AEB-ED1BBCD79732}"
EndProject
Project("{FAE04EC0-301F-11D3-BF4B-00C04F79EFBC}") = "LReeseEx1g1", "LReese1g1\LReeseEx1g1.csproj", "{704B24D0-2D47-4F3E-9A37-4804B5BAC2AA}"
EndProject
Project("{FAE04EC0-301F-11D3-BF4B-00C04F79EFBC}") = "LReeseEx2A1", "LReeseEx2A1\LReeseEx2A1.csproj", "{9CDCE28A-32CD-46AE-890D-1567C2B50E0A}"
EndProject
Project("{FAE04EC0-301F-11D3-BF4B-00C04F79EFBC}") = "LReeseEx2B1", "LReeseEx2B1\LReeseEx2B1.csproj", "{E01471DA-BE24-4596-9A45-89A092B35385}"
EndProject
Project("{FAE04EC0-301F-11D3-BF4B-00C04F79EFBC}") = "LReeseEx2c1", "LReese2c1\LReeseEx2c1.csproj", "{7C1F4813-BC20-4526-B385-6A8EF362198C}"
EndProject
Global
	GlobalSection(SolutionConfigurationPlatforms) = preSolution
		Debug|Any CPU = Debug|Any CPU
		Release|Any CPU = Release|Any CPU
	EndGlobalSection
	GlobalSection(ProjectConfigurationPlatforms) = postSolution
		{C12FA576-BCAF-4103-9883-CC62255A395F}.Debug|Any CPU.ActiveCfg = Debug|Any CPU
		{C12FA576-BCAF-4103-9883-CC62255A395F}.Debug|Any CPU.Build.0 = Debug|Any CPU
		{C12FA576-BCAF-4103-9883-CC62255A395F}.Release|Any CPU.ActiveCfg = Release|Any CPU
		{C12FA576-BCAF-4103-9883-CC62255A395F}.Release|Any CPU.Build.0 = Release|Any CPU
		{7D45EBA4-11AD-4AC1-9E6A-F34E5FFDA9C9}.Debug|Any CPU.ActiveCfg = Debug|Any CPU
		{7D45EBA4-11AD-4AC1-9E6A-F34E5FFDA9C9}.Debug|Any CPU.Build.0 = Debug|Any CPU
		{7D45EBA4-11AD-4AC1-9E6A-F34E5FFDA9C9}.Release|Any CPU.ActiveCfg = Release|Any CPU
		{7D45EBA4-11AD-4AC1-9E6A-F34E5FFDA9C9}.Release|Any CPU.Build.0 = Release|Any CPU
		{1FD4C87B-5FBC-4CBC-BB1F-EA1D1C7CBC94}.Debug|Any CPU.ActiveCfg = Debug|Any CPU
		{1FD4C87B-5FBC-4CBC-BB1F-EA1D1C7CBC94}.Debug|Any CPU.Build.0 = Debug|Any CPU
		{1FD4C87B-5FBC-4CBC-BB1F-EA1D1C7CBC94}.Release|Any CPU.ActiveCfg = Release|Any CPU
		{1FD4C87B-5FBC-4CBC-BB1F-EA1D1C7CBC94}.Release|Any CPU.Build.0 = Release|Any CPU
		{BF15230C-0A7A-4B82-B4BF-57D33328829D}.Debug|Any CPU.ActiveCfg = Debug|Any CPU
		{BF15230C-0A7A-4B82-B4BF-57D33328829D}.Debug|Any CPU.Build.0 = Debug|Any CPU
		{BF15230C-0A7A-4B82-B4BF-57D33328829D}.Release|Any CPU.ActiveCfg = Release|Any CPU
		{BF15230C-0A7A-4B82-B4BF-57D33328829D}.Release|Any CPU.Build.0 = Release|Any CPU
		{0EE05866-D419-42FC-9AEB-ED1BBCD79732}.Debug|Any CPU.ActiveCfg = Debug|Any CPU
		{0EE05866-D419-42FC-9AEB-ED1BBCD79732}.Debug|Any CPU.Build.0 = Debug|Any CPU
		{0EE05866-D419-42FC-9AEB-ED1BBCD79732}.Release|Any CPU.ActiveCfg = Release|Any CPU
		{0EE05866-D419-42FC-9AEB-ED1BBCD79732}.Release|Any CPU.Build.0 = Release|Any CPU
		{704B24D0-2D47-4F3E-9A37-4804B5BAC2AA}.Debug|Any CPU.ActiveCfg = Debug|Any CPU
		{704B24D0-2D47-4F3E-9A37-4804B5BAC2AA}.Debug|Any CPU.Build.0 = Debug|Any CPU
		{704B24D0-2D47-4F3E-9A37-4804B5BAC2AA}.Release|Any CPU.ActiveCfg = Release|Any CPU
		{704B24D0-2D47-4F3E-9A37-4804B5BAC2AA}.Release|Any CPU.Build.0 = Release|Any CPU
		{9CDCE28A-32CD-46AE-890D-1567C2B50E0A}.Debug|Any CPU.ActiveCfg = Debug|Any CPU
		{9CDCE28A-32CD-46AE-890D-1567C2B50E0A}.Debug|Any CPU.Build.0 = Debug|Any CPU
		{9CDCE28A-32CD-46AE-890D-1567C2B50E0A}.Release|Any CPU.ActiveCfg = Release|Any CPU
		{9CDCE28A-32CD-46AE-890D-1567C2B50E0A}.Release|Any CPU.Build.0 = Release|Any CPU
		{E01471DA-BE24-4596-9A45-89A092B35385}.Debug|Any CPU.ActiveCfg = Debug|Any CPU
		{E01471DA-BE24-4596-9A45-89A092B35385}.Debug|Any CPU.Build.0 = Debug|Any CPU
		{E01471DA-BE24-4596-9A45-89A092B35385}.Release|Any CPU.ActiveCfg = Release|Any CPU
		{E01471DA-BE24-4596-9A45-89A092B35385}.Release|Any CPU.Build.0 = Release|Any CPU
		{7C1F4813-BC20-4526-B385-6A8EF362198C}.Debug|Any CPU.ActiveCfg = Debug|Any CPU
		{7C1F4813-BC20-4526-B385-6A8EF362198C}.Debug|Any CPU.Build.0 = Debug|Any CPU
		{7C1F4813-BC20-4526-B385-6A8EF362198C}.Release|Any CPU.ActiveCfg = Release|Any CPU
		{7C1F4813-BC20-4526-B385-6A8EF362198C}.Release|Any CPU.Build.0 = Release|Any CPU
	EndGlobalSection
	GlobalSection(SolutionProperties) = preSolution
		HideSolutionNode = FALSE
	EndGlobalSection
	GlobalSection(ExtensibilityGlobals) = postSolution
		SolutionGuid = {57EDC9E4-D516-46F7-A002-E0EE8E0D503A}
	EndGlobalSection
EndGlobal
