
Microsoft Visual Studio Solution File, Format Version 12.00
# Visual Studio 15
VisualStudioVersion = 15.0.28010.2016
MinimumVisualStudioVersion = 10.0.40219.1
Project("{FAE04EC0-301F-11D3-BF4B-00C04F79EFBC}") = "LReeseEx1b1", "LReeseEx1b1\LReeseEx1b1.csproj", "{C12FA576-BCAF-4103-9883-CC62255A395F}"
EndProject
Project("{FAE04EC0-301F-11D3-BF4B-00C04F79EFBC}") = "LReeseEx1c1", "LReeseEx1c1\LReeseEx1c1.csproj", "{7D45EBA4-11AD-4AC1-9E6A-F34E5FFDA9C9}"
EndProject
Project("{FAE04EC0-301F-11D3-BF4B-00C04F79EFBC}") = "LReeseEx1d1", "LReeseEx1d1\LReeseEx1d1.csproj", "{1FD4C87B-5FBC-4CBC-BB1F-EA1D1C7CBC94}"
EndProject
Global
	GlobalSection(SolutionConfigurationPlatforms) = preSolution
		Debug|Any CPU = Debug|Any CPU
		Release|Any CPU = Release|Any CPU
	EndGlobalSection
	GlobalSection(ProjectConfigurationPlatforms) = postSolution
		{C12FA576-BCAF-4103-9883-CC62255A395F}.Debug|Any CPU.ActiveCfg = Debug|Any CPU
		{C12FA576-BCAF-4103-9883-CC62255A395F}.Debug|Any CPU.Build.0 = Debug|Any CPU
		{C12FA576-BCAF-4103-9883-CC62255A395F}.Release|Any CPU.ActiveCfg = Release|Any CPU
		{C12FA576-BCAF-4103-9883-CC62255A395F}.Release|Any CPU.Build.0 = Release|Any CPU
		{7D45EBA4-11AD-4AC1-9E6A-F34E5FFDA9C9}.Debug|Any CPU.ActiveCfg = Debug|Any CPU
		{7D45EBA4-11AD-4AC1-9E6A-F34E5FFDA9C9}.Debug|Any CPU.Build.0 = Debug|Any CPU
		{7D45EBA4-11AD-4AC1-9E6A-F34E5FFDA9C9}.Release|Any CPU.ActiveCfg = Release|Any CPU
		{7D45EBA4-11AD-4AC1-9E6A-F34E5FFDA9C9}.Release|Any CPU.Build.0 = Release|Any CPU
		{1FD4C87B-5FBC-4CBC-BB1F-EA1D1C7CBC94}.Debug|Any CPU.ActiveCfg = Debug|Any CPU
		{1FD4C87B-5FBC-4CBC-BB1F-EA1D1C7CBC94}.Debug|Any CPU.Build.0 = Debug|Any CPU
		{1FD4C87B-5FBC-4CBC-BB1F-EA1D1C7CBC94}.Release|Any CPU.ActiveCfg = Release|Any CPU
		{1FD4C87B-5FBC-4CBC-BB1F-EA1D1C7CBC94}.Release|Any CPU.Build.0 = Release|Any CPU
	EndGlobalSection
	GlobalSection(SolutionProperties) = preSolution
		HideSolutionNode = FALSE
	EndGlobalSection
	GlobalSection(ExtensibilityGlobals) = postSolution
		SolutionGuid = {57EDC9E4-D516-46F7-A002-E0EE8E0D503A}
	EndGlobalSection
EndGlobal
